
Microsoft Visual Studio Solution File, Format Version 12.00
# Visual Studio Version 17
VisualStudioVersion = 17.12.35527.113 d17.12
MinimumVisualStudioVersion = 10.0.40219.1
Project("{FAE04EC0-301F-11D3-BF4B-00C04F79EFBC}") = "MongoDbUI", "MongoDbUI\MongoDbUI.csproj", "{E340355E-409F-4FD2-AAD4-5BF87B4FCD02}"
EndProject
Project("{FAE04EC0-301F-11D3-BF4B-00C04F79EFBC}") = "DataAccessLibrary", "DataAccessLibrary\DataAccessLibrary.csproj", "{D46C2304-612D-46B8-87B1-4256352C5785}"
EndProject
Global
	GlobalSection(SolutionConfigurationPlatforms) = preSolution
		Debug|Any CPU = Debug|Any CPU
		Release|Any CPU = Release|Any CPU
	EndGlobalSection
	GlobalSection(ProjectConfigurationPlatforms) = postSolution
		{E340355E-409F-4FD2-AAD4-5BF87B4FCD02}.Debug|Any CPU.ActiveCfg = Debug|Any CPU
		{E340355E-409F-4FD2-AAD4-5BF87B4FCD02}.Debug|Any CPU.Build.0 = Debug|Any CPU
		{E340355E-409F-4FD2-AAD4-5BF87B4FCD02}.Release|Any CPU.ActiveCfg = Release|Any CPU
		{E340355E-409F-4FD2-AAD4-5BF87B4FCD02}.Release|Any CPU.Build.0 = Release|Any CPU
		{D46C2304-612D-46B8-87B1-4256352C5785}.Debug|Any CPU.ActiveCfg = Debug|Any CPU
		{D46C2304-612D-46B8-87B1-4256352C5785}.Debug|Any CPU.Build.0 = Debug|Any CPU
		{D46C2304-612D-46B8-87B1-4256352C5785}.Release|Any CPU.ActiveCfg = Release|Any CPU
		{D46C2304-612D-46B8-87B1-4256352C5785}.Release|Any CPU.Build.0 = Release|Any CPU
	EndGlobalSection
	GlobalSection(SolutionProperties) = preSolution
		HideSolutionNode = FALSE
	EndGlobalSection
EndGlobal
